// !$*UTF8*$!
{
	archiveVersion = 1;
	classes = {
	};
	objectVersion = 56;
	objects = {

/* Begin PBXBuildFile section */
		CB88BA602E01F9E7000A4108 /* Expense_TrackerApp.swift in Sources */ = {isa = PBXBuildFile; fileRef = CB88BA5F2E01F9E7000A4108 /* Expense_TrackerApp.swift */; };
		CB88BA622E01F9E7000A4108 /* ContentView.swift in Sources */ = {isa = PBXBuildFile; fileRef = CB88BA612E01F9E7000A4108 /* ContentView.swift */; };
		CB88BA642E01F9EB000A4108 /* Assets.xcassets in Resources */ = {isa = PBXBuildFile; fileRef = CB88BA632E01F9EB000A4108 /* Assets.xcassets */; };
		CB88BA672E01F9EB000A4108 /* Preview Assets.xcassets in Resources */ = {isa = PBXBuildFile; fileRef = CB88BA662E01F9EB000A4108 /* Preview Assets.xcassets */; };
		CB88BA712E01F9EC000A4108 /* Expense_TrackerTests.swift in Sources */ = {isa = PBXBuildFile; fileRef = CB88BA702E01F9EC000A4108 /* Expense_TrackerTests.swift */; };
		CB88BA7B2E01F9EC000A4108 /* Expense_TrackerUITests.swift in Sources */ = {isa = PBXBuildFile; fileRef = CB88BA7A2E01F9EC000A4108 /* Expense_TrackerUITests.swift */; };
		CB88BA7D2E01F9EC000A4108 /* Expense_TrackerUITestsLaunchTests.swift in Sources */ = {isa = PBXBuildFile; fileRef = CB88BA7C2E01F9EC000A4108 /* Expense_TrackerUITestsLaunchTests.swift */; };
		CB88BA8A2E01FDC1000A4108 /* Models.swift in Sources */ = {isa = PBXBuildFile; fileRef = CB88BA892E01FDC1000A4108 /* Models.swift */; };
		CB88BA8C2E01FE1E000A4108 /* ExpenseStore.swift in Sources */ = {isa = PBXBuildFile; fileRef = CB88BA8B2E01FE1E000A4108 /* ExpenseStore.swift */; };
		CB88BA8E2E01FE63000A4108 /* ExpenseViews.swift in Sources */ = {isa = PBXBuildFile; fileRef = CB88BA8D2E01FE63000A4108 /* ExpenseViews.swift */; };
		CB88BA902E02018F000A4108 /* BudgetReportViews.swift in Sources */ = {isa = PBXBuildFile; fileRef = CB88BA8F2E02018F000A4108 /* BudgetReportViews.swift */; };
/* End PBXBuildFile section */

/* Begin PBXContainerItemProxy section */
		CB88BA6D2E01F9EC000A4108 /* PBXContainerItemProxy */ = {
			isa = PBXContainerItemProxy;
			containerPortal = CB88BA542E01F9E7000A4108 /* Project object */;
			proxyType = 1;
			remoteGlobalIDString = CB88BA5B2E01F9E7000A4108;
			remoteInfo = Expense_Tracker;
		};
		CB88BA772E01F9EC000A4108 /* PBXContainerItemProxy */ = {
			isa = PBXContainerItemProxy;
			containerPortal = CB88BA542E01F9E7000A4108 /* Project object */;
			proxyType = 1;
			remoteGlobalIDString = CB88BA5B2E01F9E7000A4108;
			remoteInfo = Expense_Tracker;
		};
/* End PBXContainerItemProxy section */

/* Begin PBXFileReference section */
		CB88BA5C2E01F9E7000A4108 /* Expense_Tracker.app */ = {isa = PBXFileReference; explicitFileType = wrapper.application; includeInIndex = 0; path = Expense_Tracker.app; sourceTree = BUILT_PRODUCTS_DIR; };
		CB88BA5F2E01F9E7000A4108 /* Expense_TrackerApp.swift */ = {isa = PBXFileReference; lastKnownFileType = sourcecode.swift; path = Expense_TrackerApp.swift; sourceTree = "<group>"; };
		CB88BA612E01F9E7000A4108 /* ContentView.swift */ = {isa = PBXFileReference; lastKnownFileType = sourcecode.swift; path = ContentView.swift; sourceTree = "<group>"; };
		CB88BA632E01F9EB000A4108 /* Assets.xcassets */ = {isa = PBXFileReference; lastKnownFileType = folder.assetcatalog; path = Assets.xcassets; sourceTree = "<group>"; };
		CB88BA662E01F9EB000A4108 /* Preview Assets.xcassets */ = {isa = PBXFileReference; lastKnownFileType = folder.assetcatalog; path = "Preview Assets.xcassets"; sourceTree = "<group>"; };
		CB88BA6C2E01F9EC000A4108 /* Expense_TrackerTests.xctest */ = {isa = PBXFileReference; explicitFileType = wrapper.cfbundle; includeInIndex = 0; path = Expense_TrackerTests.xctest; sourceTree = BUILT_PRODUCTS_DIR; };
		CB88BA702E01F9EC000A4108 /* Expense_TrackerTests.swift */ = {isa = PBXFileReference; lastKnownFileType = sourcecode.swift; path = Expense_TrackerTests.swift; sourceTree = "<group>"; };
		CB88BA762E01F9EC000A4108 /* Expense_TrackerUITests.xctest */ = {isa = PBXFileReference; explicitFileType = wrapper.cfbundle; includeInIndex = 0; path = Expense_TrackerUITests.xctest; sourceTree = BUILT_PRODUCTS_DIR; };
		CB88BA7A2E01F9EC000A4108 /* Expense_TrackerUITests.swift */ = {isa = PBXFileReference; lastKnownFileType = sourcecode.swift; path = Expense_TrackerUITests.swift; sourceTree = "<group>"; };
		CB88BA7C2E01F9EC000A4108 /* Expense_TrackerUITestsLaunchTests.swift */ = {isa = PBXFileReference; lastKnownFileType = sourcecode.swift; path = Expense_TrackerUITestsLaunchTests.swift; sourceTree = "<group>"; };
		CB88BA892E01FDC1000A4108 /* Models.swift */ = {isa = PBXFileReference; lastKnownFileType = sourcecode.swift; path = Models.swift; sourceTree = "<group>"; };
		CB88BA8B2E01FE1E000A4108 /* ExpenseStore.swift */ = {isa = PBXFileReference; lastKnownFileType = sourcecode.swift; path = ExpenseStore.swift; sourceTree = "<group>"; };
		CB88BA8D2E01FE63000A4108 /* ExpenseViews.swift */ = {isa = PBXFileReference; lastKnownFileType = sourcecode.swift; path = ExpenseViews.swift; sourceTree = "<group>"; };
		CB88BA8F2E02018F000A4108 /* BudgetReportViews.swift */ = {isa = PBXFileReference; lastKnownFileType = sourcecode.swift; path = BudgetReportViews.swift; sourceTree = "<group>"; };
/* End PBXFileReference section */

/* Begin PBXFrameworksBuildPhase section */
		CB88BA592E01F9E7000A4108 /* Frameworks */ = {
			isa = PBXFrameworksBuildPhase;
			buildActionMask = 2147483647;
			files = (
			);
			runOnlyForDeploymentPostprocessing = 0;
		};
		CB88BA692E01F9EC000A4108 /* Frameworks */ = {
			isa = PBXFrameworksBuildPhase;
			buildActionMask = 2147483647;
			files = (
			);
			runOnlyForDeploymentPostprocessing = 0;
		};
		CB88BA732E01F9EC000A4108 /* Frameworks */ = {
			isa = PBXFrameworksBuildPhase;
			buildActionMask = 2147483647;
			files = (
			);
			runOnlyForDeploymentPostprocessing = 0;
		};
/* End PBXFrameworksBuildPhase section */

/* Begin PBXGroup section */
		CB88BA532E01F9E7000A4108 = {
			isa = PBXGroup;
			children = (
				CB88BA5E2E01F9E7000A4108 /* Expense_Tracker */,
				CB88BA6F2E01F9EC000A4108 /* Expense_TrackerTests */,
				CB88BA792E01F9EC000A4108 /* Expense_TrackerUITests */,
				CB88BA5D2E01F9E7000A4108 /* Products */,
			);
			sourceTree = "<group>";
		};
		CB88BA5D2E01F9E7000A4108 /* Products */ = {
			isa = PBXGroup;
			children = (
				CB88BA5C2E01F9E7000A4108 /* Expense_Tracker.app */,
				CB88BA6C2E01F9EC000A4108 /* Expense_TrackerTests.xctest */,
				CB88BA762E01F9EC000A4108 /* Expense_TrackerUITests.xctest */,
			);
			name = Products;
			sourceTree = "<group>";
		};
		CB88BA5E2E01F9E7000A4108 /* Expense_Tracker */ = {
			isa = PBXGroup;
			children = (
				CB88BA5F2E01F9E7000A4108 /* Expense_TrackerApp.swift */,
				CB88BA612E01F9E7000A4108 /* ContentView.swift */,
				CB88BA892E01FDC1000A4108 /* Models.swift */,
				CB88BA8B2E01FE1E000A4108 /* ExpenseStore.swift */,
				CB88BA8D2E01FE63000A4108 /* ExpenseViews.swift */,
				CB88BA8F2E02018F000A4108 /* BudgetReportViews.swift */,
				CB88BA632E01F9EB000A4108 /* Assets.xcassets */,
				CB88BA652E01F9EB000A4108 /* Preview Content */,
			);
			path = Expense_Tracker;
			sourceTree = "<group>";
		};
		CB88BA652E01F9EB000A4108 /* Preview Content */ = {
			isa = PBXGroup;
			children = (
				CB88BA662E01F9EB000A4108 /* Preview Assets.xcassets */,
			);
			path = "Preview Content";
			sourceTree = "<group>";
		};
		CB88BA6F2E01F9EC000A4108 /* Expense_TrackerTests */ = {
			isa = PBXGroup;
			children = (
				CB88BA702E01F9EC000A4108 /* Expense_TrackerTests.swift */,
			);
			path = Expense_TrackerTests;
			sourceTree = "<group>";
		};
		CB88BA792E01F9EC000A4108 /* Expense_TrackerUITests */ = {
			isa = PBXGroup;
			children = (
				CB88BA7A2E01F9EC000A4108 /* Expense_TrackerUITests.swift */,
				CB88BA7C2E01F9EC000A4108 /* Expense_TrackerUITestsLaunchTests.swift */,
			);
			path = Expense_TrackerUITests;
			sourceTree = "<group>";
		};
/* End PBXGroup section */

/* Begin PBXNativeTarget section */
		CB88BA5B2E01F9E7000A4108 /* Expense_Tracker */ = {
			isa = PBXNativeTarget;
			buildConfigurationList = CB88BA802E01F9EC000A4108 /* Build configuration list for PBXNativeTarget "Expense_Tracker" */;
			buildPhases = (
				CB88BA582E01F9E7000A4108 /* Sources */,
				CB88BA592E01F9E7000A4108 /* Frameworks */,
				CB88BA5A2E01F9E7000A4108 /* Resources */,
			);
			buildRules = (
			);
			dependencies = (
			);
			name = Expense_Tracker;
			productName = Expense_Tracker;
			productReference = CB88BA5C2E01F9E7000A4108 /* Expense_Tracker.app */;
			productType = "com.apple.product-type.application";
		};
		CB88BA6B2E01F9EC000A4108 /* Expense_TrackerTests */ = {
			isa = PBXNativeTarget;
			buildConfigurationList = CB88BA832E01F9EC000A4108 /* Build configuration list for PBXNativeTarget "Expense_TrackerTests" */;
			buildPhases = (
				CB88BA682E01F9EC000A4108 /* Sources */,
				CB88BA692E01F9EC000A4108 /* Frameworks */,
				CB88BA6A2E01F9EC000A4108 /* Resources */,
			);
			buildRules = (
			);
			dependencies = (
				CB88BA6E2E01F9EC000A4108 /* PBXTargetDependency */,
			);
			name = Expense_TrackerTests;
			productName = Expense_TrackerTests;
			productReference = CB88BA6C2E01F9EC000A4108 /* Expense_TrackerTests.xctest */;
			productType = "com.apple.product-type.bundle.unit-test";
		};
		CB88BA752E01F9EC000A4108 /* Expense_TrackerUITests */ = {
			isa = PBXNativeTarget;
			buildConfigurationList = CB88BA862E01F9EC000A4108 /* Build configuration list for PBXNativeTarget "Expense_TrackerUITests" */;
			buildPhases = (
				CB88BA722E01F9EC000A4108 /* Sources */,
				CB88BA732E01F9EC000A4108 /* Frameworks */,
				CB88BA742E01F9EC000A4108 /* Resources */,
			);
			buildRules = (
			);
			dependencies = (
				CB88BA782E01F9EC000A4108 /* PBXTargetDependency */,
			);
			name = Expense_TrackerUITests;
			productName = Expense_TrackerUITests;
			productReference = CB88BA762E01F9EC000A4108 /* Expense_TrackerUITests.xctest */;
			productType = "com.apple.product-type.bundle.ui-testing";
		};
/* End PBXNativeTarget section */

/* Begin PBXProject section */
		CB88BA542E01F9E7000A4108 /* Project object */ = {
			isa = PBXProject;
			attributes = {
				BuildIndependentTargetsInParallel = 1;
				LastSwiftUpdateCheck = 1410;
				LastUpgradeCheck = 1410;
				TargetAttributes = {
					CB88BA5B2E01F9E7000A4108 = {
						CreatedOnToolsVersion = 14.1;
					};
					CB88BA6B2E01F9EC000A4108 = {
						CreatedOnToolsVersion = 14.1;
						TestTargetID = CB88BA5B2E01F9E7000A4108;
					};
					CB88BA752E01F9EC000A4108 = {
						CreatedOnToolsVersion = 14.1;
						TestTargetID = CB88BA5B2E01F9E7000A4108;
					};
				};
			};
			buildConfigurationList = CB88BA572E01F9E7000A4108 /* Build configuration list for PBXProject "Expense_Tracker" */;
			compatibilityVersion = "Xcode 14.0";
			developmentRegion = en;
			hasScannedForEncodings = 0;
			knownRegions = (
				en,
				Base,
			);
			mainGroup = CB88BA532E01F9E7000A4108;
			productRefGroup = CB88BA5D2E01F9E7000A4108 /* Products */;
			projectDirPath = "";
			projectRoot = "";
			targets = (
				CB88BA5B2E01F9E7000A4108 /* Expense_Tracker */,
				CB88BA6B2E01F9EC000A4108 /* Expense_TrackerTests */,
				CB88BA752E01F9EC000A4108 /* Expense_TrackerUITests */,
			);
		};
/* End PBXProject section */

/* Begin PBXResourcesBuildPhase section */
		CB88BA5A2E01F9E7000A4108 /* Resources */ = {
			isa = PBXResourcesBuildPhase;
			buildActionMask = 2147483647;
			files = (
				CB88BA672E01F9EB000A4108 /* Preview Assets.xcassets in Resources */,
				CB88BA642E01F9EB000A4108 /* Assets.xcassets in Resources */,
			);
			runOnlyForDeploymentPostprocessing = 0;
		};
		CB88BA6A2E01F9EC000A4108 /* Resources */ = {
			isa = PBXResourcesBuildPhase;
			buildActionMask = 2147483647;
			files = (
			);
			runOnlyForDeploymentPostprocessing = 0;
		};
		CB88BA742E01F9EC000A4108 /* Resources */ = {
			isa = PBXResourcesBuildPhase;
			buildActionMask = 2147483647;
			files = (
			);
			runOnlyForDeploymentPostprocessing = 0;
		};
/* End PBXResourcesBuildPhase section */

/* Begin PBXSourcesBuildPhase section */
		CB88BA582E01F9E7000A4108 /* Sources */ = {
			isa = PBXSourcesBuildPhase;
			buildActionMask = 2147483647;
			files = (
				CB88BA8E2E01FE63000A4108 /* ExpenseViews.swift in Sources */,
				CB88BA8A2E01FDC1000A4108 /* Models.swift in Sources */,
				CB88BA622E01F9E7000A4108 /* ContentView.swift in Sources */,
				CB88BA902E02018F000A4108 /* BudgetReportViews.swift in Sources */,
				CB88BA8C2E01FE1E000A4108 /* ExpenseStore.swift in Sources */,
				CB88BA602E01F9E7000A4108 /* Expense_TrackerApp.swift in Sources */,
			);
			runOnlyForDeploymentPostprocessing = 0;
		};
		CB88BA682E01F9EC000A4108 /* Sources */ = {
			isa = PBXSourcesBuildPhase;
			buildActionMask = 2147483647;
			files = (
				CB88BA712E01F9EC000A4108 /* Expense_TrackerTests.swift in Sources */,
			);
			runOnlyForDeploymentPostprocessing = 0;
		};
		CB88BA722E01F9EC000A4108 /* Sources */ = {
			isa = PBXSourcesBuildPhase;
			buildActionMask = 2147483647;
			files = (
				CB88BA7D2E01F9EC000A4108 /* Expense_TrackerUITestsLaunchTests.swift in Sources */,
				CB88BA7B2E01F9EC000A4108 /* Expense_TrackerUITests.swift in Sources */,
			);
			runOnlyForDeploymentPostprocessing = 0;
		};
/* End PBXSourcesBuildPhase section */

/* Begin PBXTargetDependency section */
		CB88BA6E2E01F9EC000A4108 /* PBXTargetDependency */ = {
			isa = PBXTargetDependency;
			target = CB88BA5B2E01F9E7000A4108 /* Expense_Tracker */;
			targetProxy = CB88BA6D2E01F9EC000A4108 /* PBXContainerItemProxy */;
		};
		CB88BA782E01F9EC000A4108 /* PBXTargetDependency */ = {
			isa = PBXTargetDependency;
			target = CB88BA5B2E01F9E7000A4108 /* Expense_Tracker */;
			targetProxy = CB88BA772E01F9EC000A4108 /* PBXContainerItemProxy */;
		};
/* End PBXTargetDependency section */

/* Begin XCBuildConfiguration section */
		CB88BA7E2E01F9EC000A4108 /* Debug */ = {
			isa = XCBuildConfiguration;
			buildSettings = {
				ALWAYS_SEARCH_USER_PATHS = NO;
				CLANG_ANALYZER_NONNULL = YES;
				CLANG_ANALYZER_NUMBER_OBJECT_CONVERSION = YES_AGGRESSIVE;
				CLANG_CXX_LANGUAGE_STANDARD = "gnu++20";
				CLANG_ENABLE_MODULES = YES;
				CLANG_ENABLE_OBJC_ARC = YES;
				CLANG_ENABLE_OBJC_WEAK = YES;
				CLANG_WARN_BLOCK_CAPTURE_AUTORELEASING = YES;
				CLANG_WARN_BOOL_CONVERSION = YES;
				CLANG_WARN_COMMA = YES;
				CLANG_WARN_CONSTANT_CONVERSION = YES;
				CLANG_WARN_DEPRECATED_OBJC_IMPLEMENTATIONS = YES;
				CLANG_WARN_DIRECT_OBJC_ISA_USAGE = YES_ERROR;
				CLANG_WARN_DOCUMENTATION_COMMENTS = YES;
				CLANG_WARN_EMPTY_BODY = YES;
				CLANG_WARN_ENUM_CONVERSION = YES;
				CLANG_WARN_INFINITE_RECURSION = YES;
				CLANG_WARN_INT_CONVERSION = YES;
				CLANG_WARN_NON_LITERAL_NULL_CONVERSION = YES;
				CLANG_WARN_OBJC_IMPLICIT_RETAIN_SELF = YES;
				CLANG_WARN_OBJC_LITERAL_CONVERSION = YES;
				CLANG_WARN_OBJC_ROOT_CLASS = YES_ERROR;
				CLANG_WARN_QUOTED_INCLUDE_IN_FRAMEWORK_HEADER = YES;
				CLANG_WARN_RANGE_LOOP_ANALYSIS = YES;
				CLANG_WARN_STRICT_PROTOTYPES = YES;
				CLANG_WARN_SUSPICIOUS_MOVE = YES;
				CLANG_WARN_UNGUARDED_AVAILABILITY = YES_AGGRESSIVE;
				CLANG_WARN_UNREACHABLE_CODE = YES;
				CLANG_WARN__DUPLICATE_METHOD_MATCH = YES;
				COPY_PHASE_STRIP = NO;
				DEBUG_INFORMATION_FORMAT = dwarf;
				ENABLE_STRICT_OBJC_MSGSEND = YES;
				ENABLE_TESTABILITY = YES;
				GCC_C_LANGUAGE_STANDARD = gnu11;
				GCC_DYNAMIC_NO_PIC = NO;
				GCC_NO_COMMON_BLOCKS = YES;
				GCC_OPTIMIZATION_LEVEL = 0;
				GCC_PREPROCESSOR_DEFINITIONS = (
					"DEBUG=1",
					"$(inherited)",
				);
				GCC_WARN_64_TO_32_BIT_CONVERSION = YES;
				GCC_WARN_ABOUT_RETURN_TYPE = YES_ERROR;
				GCC_WARN_UNDECLARED_SELECTOR = YES;
				GCC_WARN_UNINITIALIZED_AUTOS = YES_AGGRESSIVE;
				GCC_WARN_UNUSED_FUNCTION = YES;
				GCC_WARN_UNUSED_VARIABLE = YES;
				IPHONEOS_DEPLOYMENT_TARGET = 16.1;
				MTL_ENABLE_DEBUG_INFO = INCLUDE_SOURCE;
				MTL_FAST_MATH = YES;
				ONLY_ACTIVE_ARCH = YES;
				SDKROOT = iphoneos;
				SWIFT_ACTIVE_COMPILATION_CONDITIONS = DEBUG;
				SWIFT_OPTIMIZATION_LEVEL = "-Onone";
			};
			name = Debug;
		};
		CB88BA7F2E01F9EC000A4108 /* Release */ = {
			isa = XCBuildConfiguration;
			buildSettings = {
				ALWAYS_SEARCH_USER_PATHS = NO;
				CLANG_ANALYZER_NONNULL = YES;
				CLANG_ANALYZER_NUMBER_OBJECT_CONVERSION = YES_AGGRESSIVE;
				CLANG_CXX_LANGUAGE_STANDARD = "gnu++20";
				CLANG_ENABLE_MODULES = YES;
				CLANG_ENABLE_OBJC_ARC = YES;
				CLANG_ENABLE_OBJC_WEAK = YES;
				CLANG_WARN_BLOCK_CAPTURE_AUTORELEASING = YES;
				CLANG_WARN_BOOL_CONVERSION = YES;
				CLANG_WARN_COMMA = YES;
				CLANG_WARN_CONSTANT_CONVERSION = YES;
				CLANG_WARN_DEPRECATED_OBJC_IMPLEMENTATIONS = YES;
				CLANG_WARN_DIRECT_OBJC_ISA_USAGE = YES_ERROR;
				CLANG_WARN_DOCUMENTATION_COMMENTS = YES;
				CLANG_WARN_EMPTY_BODY = YES;
				CLANG_WARN_ENUM_CONVERSION = YES;
				CLANG_WARN_INFINITE_RECURSION = YES;
				CLANG_WARN_INT_CONVERSION = YES;
				CLANG_WARN_NON_LITERAL_NULL_CONVERSION = YES;
				CLANG_WARN_OBJC_IMPLICIT_RETAIN_SELF = YES;
				CLANG_WARN_OBJC_LITERAL_CONVERSION = YES;
				CLANG_WARN_OBJC_ROOT_CLASS = YES_ERROR;
				CLANG_WARN_QUOTED_INCLUDE_IN_FRAMEWORK_HEADER = YES;
				CLANG_WARN_RANGE_LOOP_ANALYSIS = YES;
				CLANG_WARN_STRICT_PROTOTYPES = YES;
				CLANG_WARN_SUSPICIOUS_MOVE = YES;
				CLANG_WARN_UNGUARDED_AVAILABILITY = YES_AGGRESSIVE;
				CLANG_WARN_UNREACHABLE_CODE = YES;
				CLANG_WARN__DUPLICATE_METHOD_MATCH = YES;
				COPY_PHASE_STRIP = NO;
				DEBUG_INFORMATION_FORMAT = "dwarf-with-dsym";
				ENABLE_NS_ASSERTIONS = NO;
				ENABLE_STRICT_OBJC_MSGSEND = YES;
				GCC_C_LANGUAGE_STANDARD = gnu11;
				GCC_NO_COMMON_BLOCKS = YES;
				GCC_WARN_64_TO_32_BIT_CONVERSION = YES;
				GCC_WARN_ABOUT_RETURN_TYPE = YES_ERROR;
				GCC_WARN_UNDECLARED_SELECTOR = YES;
				GCC_WARN_UNINITIALIZED_AUTOS = YES_AGGRESSIVE;
				GCC_WARN_UNUSED_FUNCTION = YES;
				GCC_WARN_UNUSED_VARIABLE = YES;
				IPHONEOS_DEPLOYMENT_TARGET = 16.1;
				MTL_ENABLE_DEBUG_INFO = NO;
				MTL_FAST_MATH = YES;
				SDKROOT = iphoneos;
				SWIFT_COMPILATION_MODE = wholemodule;
				SWIFT_OPTIMIZATION_LEVEL = "-O";
				VALIDATE_PRODUCT = YES;
			};
			name = Release;
		};
		CB88BA812E01F9EC000A4108 /* Debug */ = {
			isa = XCBuildConfiguration;
			buildSettings = {
				ASSETCATALOG_COMPILER_APPICON_NAME = AppIcon;
				ASSETCATALOG_COMPILER_GLOBAL_ACCENT_COLOR_NAME = AccentColor;
				CODE_SIGN_STYLE = Automatic;
				CURRENT_PROJECT_VERSION = 1;
				DEVELOPMENT_ASSET_PATHS = "\"Expense_Tracker/Preview Content\"";
				ENABLE_PREVIEWS = YES;
				GENERATE_INFOPLIST_FILE = YES;
				INFOPLIST_KEY_UIApplicationSceneManifest_Generation = YES;
				INFOPLIST_KEY_UIApplicationSupportsIndirectInputEvents = YES;
				INFOPLIST_KEY_UILaunchScreen_Generation = YES;
				INFOPLIST_KEY_UISupportedInterfaceOrientations_iPad = "UIInterfaceOrientationPortrait UIInterfaceOrientationPortraitUpsideDown UIInterfaceOrientationLandscapeLeft UIInterfaceOrientationLandscapeRight";
				INFOPLIST_KEY_UISupportedInterfaceOrientations_iPhone = "UIInterfaceOrientationPortrait UIInterfaceOrientationLandscapeLeft UIInterfaceOrientationLandscapeRight";
				LD_RUNPATH_SEARCH_PATHS = (
					"$(inherited)",
					"@executable_path/Frameworks",
				);
				MARKETING_VERSION = 1.0;
				PRODUCT_BUNDLE_IDENTIFIER = "KrausTech.Expense-Tracker";
				PRODUCT_NAME = "$(TARGET_NAME)";
				SWIFT_EMIT_LOC_STRINGS = YES;
				SWIFT_VERSION = 5.0;
				TARGETED_DEVICE_FAMILY = "1,2";
			};
			name = Debug;
		};
		CB88BA822E01F9EC000A4108 /* Release */ = {
			isa = XCBuildConfiguration;
			buildSettings = {
				ASSETCATALOG_COMPILER_APPICON_NAME = AppIcon;
				ASSETCATALOG_COMPILER_GLOBAL_ACCENT_COLOR_NAME = AccentColor;
				CODE_SIGN_STYLE = Automatic;
				CURRENT_PROJECT_VERSION = 1;
				DEVELOPMENT_ASSET_PATHS = "\"Expense_Tracker/Preview Content\"";
				ENABLE_PREVIEWS = YES;
				GENERATE_INFOPLIST_FILE = YES;
				INFOPLIST_KEY_UIApplicationSceneManifest_Generation = YES;
				INFOPLIST_KEY_UIApplicationSupportsIndirectInputEvents = YES;
				INFOPLIST_KEY_UILaunchScreen_Generation = YES;
				INFOPLIST_KEY_UISupportedInterfaceOrientations_iPad = "UIInterfaceOrientationPortrait UIInterfaceOrientationPortraitUpsideDown UIInterfaceOrientationLandscapeLeft UIInterfaceOrientationLandscapeRight";
				INFOPLIST_KEY_UISupportedInterfaceOrientations_iPhone = "UIInterfaceOrientationPortrait UIInterfaceOrientationLandscapeLeft UIInterfaceOrientationLandscapeRight";
				LD_RUNPATH_SEARCH_PATHS = (
					"$(inherited)",
					"@executable_path/Frameworks",
				);
				MARKETING_VERSION = 1.0;
				PRODUCT_BUNDLE_IDENTIFIER = "KrausTech.Expense-Tracker";
				PRODUCT_NAME = "$(TARGET_NAME)";
				SWIFT_EMIT_LOC_STRINGS = YES;
				SWIFT_VERSION = 5.0;
				TARGETED_DEVICE_FAMILY = "1,2";
			};
			name = Release;
		};
		CB88BA842E01F9EC000A4108 /* Debug */ = {
			isa = XCBuildConfiguration;
			buildSettings = {
				ALWAYS_EMBED_SWIFT_STANDARD_LIBRARIES = YES;
				BUNDLE_LOADER = "$(TEST_HOST)";
				CODE_SIGN_STYLE = Automatic;
				CURRENT_PROJECT_VERSION = 1;
				GENERATE_INFOPLIST_FILE = YES;
				IPHONEOS_DEPLOYMENT_TARGET = 16.1;
				MARKETING_VERSION = 1.0;
				PRODUCT_BUNDLE_IDENTIFIER = "KrausTech.Expense-TrackerTests";
				PRODUCT_NAME = "$(TARGET_NAME)";
				SWIFT_EMIT_LOC_STRINGS = NO;
				SWIFT_VERSION = 5.0;
				TARGETED_DEVICE_FAMILY = "1,2";
				TEST_HOST = "$(BUILT_PRODUCTS_DIR)/Expense_Tracker.app/$(BUNDLE_EXECUTABLE_FOLDER_PATH)/Expense_Tracker";
			};
			name = Debug;
		};
		CB88BA852E01F9EC000A4108 /* Release */ = {
			isa = XCBuildConfiguration;
			buildSettings = {
				ALWAYS_EMBED_SWIFT_STANDARD_LIBRARIES = YES;
				BUNDLE_LOADER = "$(TEST_HOST)";
				CODE_SIGN_STYLE = Automatic;
				CURRENT_PROJECT_VERSION = 1;
				GENERATE_INFOPLIST_FILE = YES;
				IPHONEOS_DEPLOYMENT_TARGET = 16.1;
				MARKETING_VERSION = 1.0;
				PRODUCT_BUNDLE_IDENTIFIER = "KrausTech.Expense-TrackerTests";
				PRODUCT_NAME = "$(TARGET_NAME)";
				SWIFT_EMIT_LOC_STRINGS = NO;
				SWIFT_VERSION = 5.0;
				TARGETED_DEVICE_FAMILY = "1,2";
				TEST_HOST = "$(BUILT_PRODUCTS_DIR)/Expense_Tracker.app/$(BUNDLE_EXECUTABLE_FOLDER_PATH)/Expense_Tracker";
			};
			name = Release;
		};
		CB88BA872E01F9EC000A4108 /* Debug */ = {
			isa = XCBuildConfiguration;
			buildSettings = {
				ALWAYS_EMBED_SWIFT_STANDARD_LIBRARIES = YES;
				CODE_SIGN_STYLE = Automatic;
				CURRENT_PROJECT_VERSION = 1;
				GENERATE_INFOPLIST_FILE = YES;
				MARKETING_VERSION = 1.0;
				PRODUCT_BUNDLE_IDENTIFIER = "KrausTech.Expense-TrackerUITests";
				PRODUCT_NAME = "$(TARGET_NAME)";
				SWIFT_EMIT_LOC_STRINGS = NO;
				SWIFT_VERSION = 5.0;
				TARGETED_DEVICE_FAMILY = "1,2";
				TEST_TARGET_NAME = Expense_Tracker;
			};
			name = Debug;
		};
		CB88BA882E01F9EC000A4108 /* Release */ = {
			isa = XCBuildConfiguration;
			buildSettings = {
				ALWAYS_EMBED_SWIFT_STANDARD_LIBRARIES = YES;
				CODE_SIGN_STYLE = Automatic;
				CURRENT_PROJECT_VERSION = 1;
				GENERATE_INFOPLIST_FILE = YES;
				MARKETING_VERSION = 1.0;
				PRODUCT_BUNDLE_IDENTIFIER = "KrausTech.Expense-TrackerUITests";
				PRODUCT_NAME = "$(TARGET_NAME)";
				SWIFT_EMIT_LOC_STRINGS = NO;
				SWIFT_VERSION = 5.0;
				TARGETED_DEVICE_FAMILY = "1,2";
				TEST_TARGET_NAME = Expense_Tracker;
			};
			name = Release;
		};
/* End XCBuildConfiguration section */

/* Begin XCConfigurationList section */
		CB88BA572E01F9E7000A4108 /* Build configuration list for PBXProject "Expense_Tracker" */ = {
			isa = XCConfigurationList;
			buildConfigurations = (
				CB88BA7E2E01F9EC000A4108 /* Debug */,
				CB88BA7F2E01F9EC000A4108 /* Release */,
			);
			defaultConfigurationIsVisible = 0;
			defaultConfigurationName = Release;
		};
		CB88BA802E01F9EC000A4108 /* Build configuration list for PBXNativeTarget "Expense_Tracker" */ = {
			isa = XCConfigurationList;
			buildConfigurations = (
				CB88BA812E01F9EC000A4108 /* Debug */,
				CB88BA822E01F9EC000A4108 /* Release */,
			);
			defaultConfigurationIsVisible = 0;
			defaultConfigurationName = Release;
		};
		CB88BA832E01F9EC000A4108 /* Build configuration list for PBXNativeTarget "Expense_TrackerTests" */ = {
			isa = XCConfigurationList;
			buildConfigurations = (
				CB88BA842E01F9EC000A4108 /* Debug */,
				CB88BA852E01F9EC000A4108 /* Release */,
			);
			defaultConfigurationIsVisible = 0;
			defaultConfigurationName = Release;
		};
		CB88BA862E01F9EC000A4108 /* Build configuration list for PBXNativeTarget "Expense_TrackerUITests" */ = {
			isa = XCConfigurationList;
			buildConfigurations = (
				CB88BA872E01F9EC000A4108 /* Debug */,
				CB88BA882E01F9EC000A4108 /* Release */,
			);
			defaultConfigurationIsVisible = 0;
			defaultConfigurationName = Release;
		};
/* End XCConfigurationList section */
	};
	rootObject = CB88BA542E01F9E7000A4108 /* Project object */;
}
